// !$*UTF8*$!
{
	archiveVersion = 1;
	classes = {
	};
	objectVersion = 46;
	objects = {

/* Begin PBXBuildFile section */
		BB5ABE181C1FA60600944E20 /* AppDelegate.swift in Sources */ = {isa = PBXBuildFile; fileRef = BB5ABE171C1FA60600944E20 /* AppDelegate.swift */; };
		BB5ABE1A1C1FA60600944E20 /* ViewController.swift in Sources */ = {isa = PBXBuildFile; fileRef = BB5ABE191C1FA60600944E20 /* ViewController.swift */; };
		BB5ABE1D1C1FA60600944E20 /* Main.storyboard in Resources */ = {isa = PBXBuildFile; fileRef = BB5ABE1B1C1FA60600944E20 /* Main.storyboard */; };
		BB5ABE1F1C1FA60600944E20 /* Assets.xcassets in Resources */ = {isa = PBXBuildFile; fileRef = BB5ABE1E1C1FA60600944E20 /* Assets.xcassets */; };
		BB5ABE221C1FA60600944E20 /* LaunchScreen.storyboard in Resources */ = {isa = PBXBuildFile; fileRef = BB5ABE201C1FA60600944E20 /* LaunchScreen.storyboard */; };
		BB5ABE2F1C1FFE9300944E20 /* index.html in Resources */ = {isa = PBXBuildFile; fileRef = BB5ABE2E1C1FFE9300944E20 /* index.html */; };
/* End PBXBuildFile section */

/* Begin PBXFileReference section */
		BB5ABE141C1FA60600944E20 /* JavaScriptCoreDemo.app */ = {isa = PBXFileReference; explicitFileType = wrapper.application; includeInIndex = 0; path = JavaScriptCoreDemo.app; sourceTree = BUILT_PRODUCTS_DIR; };
		BB5ABE171C1FA60600944E20 /* AppDelegate.swift */ = {isa = PBXFileReference; lastKnownFileType = sourcecode.swift; path = AppDelegate.swift; sourceTree = "<group>"; };
		BB5ABE191C1FA60600944E20 /* ViewController.swift */ = {isa = PBXFileReference; lastKnownFileType = sourcecode.swift; path = ViewController.swift; sourceTree = "<group>"; };
		BB5ABE1C1C1FA60600944E20 /* Base */ = {isa = PBXFileReference; lastKnownFileType = file.storyboard; name = Base; path = Base.lproj/Main.storyboard; sourceTree = "<group>"; };
		BB5ABE1E1C1FA60600944E20 /* Assets.xcassets */ = {isa = PBXFileReference; lastKnownFileType = folder.assetcatalog; path = Assets.xcassets; sourceTree = "<group>"; };
		BB5ABE211C1FA60600944E20 /* Base */ = {isa = PBXFileReference; lastKnownFileType = file.storyboard; name = Base; path = Base.lproj/LaunchScreen.storyboard; sourceTree = "<group>"; };
		BB5ABE231C1FA60600944E20 /* Info.plist */ = {isa = PBXFileReference; lastKnownFileType = text.plist.xml; path = Info.plist; sourceTree = "<group>"; };
		BB5ABE2E1C1FFE9300944E20 /* index.html */ = {isa = PBXFileReference; fileEncoding = 4; lastKnownFileType = text.html; path = index.html; sourceTree = "<group>"; };
/* End PBXFileReference section */

/* Begin PBXFrameworksBuildPhase section */
		BB5ABE111C1FA60600944E20 /* Frameworks */ = {
			isa = PBXFrameworksBuildPhase;
			buildActionMask = 2147483647;
			files = (
			);
			runOnlyForDeploymentPostprocessing = 0;
		};
/* End PBXFrameworksBuildPhase section */

/* Begin PBXGroup section */
		BB5ABE0B1C1FA60600944E20 = {
			isa = PBXGroup;
			children = (
				BB5ABE161C1FA60600944E20 /* JavaScriptCoreDemo */,
				BB5ABE151C1FA60600944E20 /* Products */,
			);
			sourceTree = "<group>";
		};
		BB5ABE151C1FA60600944E20 /* Products */ = {
			isa = PBXGroup;
			children = (
				BB5ABE141C1FA60600944E20 /* JavaScriptCoreDemo.app */,
			);
			name = Products;
			sourceTree = "<group>";
		};
		BB5ABE161C1FA60600944E20 /* JavaScriptCoreDemo */ = {
			isa = PBXGroup;
			children = (
				BB5ABE171C1FA60600944E20 /* AppDelegate.swift */,
				BB5ABE191C1FA60600944E20 /* ViewController.swift */,
				BB5ABE2E1C1FFE9300944E20 /* index.html */,
				BB5ABE1B1C1FA60600944E20 /* Main.storyboard */,
				BB5ABE1E1C1FA60600944E20 /* Assets.xcassets */,
				BB5ABE201C1FA60600944E20 /* LaunchScreen.storyboard */,
				BB5ABE231C1FA60600944E20 /* Info.plist */,
			);
			path = JavaScriptCoreDemo;
			sourceTree = "<group>";
		};
/* End PBXGroup section */

/* Begin PBXNativeTarget section */
		BB5ABE131C1FA60600944E20 /* JavaScriptCoreDemo */ = {
			isa = PBXNativeTarget;
			buildConfigurationList = BB5ABE261C1FA60600944E20 /* Build configuration list for PBXNativeTarget "JavaScriptCoreDemo" */;
			buildPhases = (
				BB5ABE101C1FA60600944E20 /* Sources */,
				BB5ABE111C1FA60600944E20 /* Frameworks */,
				BB5ABE121C1FA60600944E20 /* Resources */,
			);
			buildRules = (
			);
			dependencies = (
			);
			name = JavaScriptCoreDemo;
			productName = JavaScriptCoreDemo;
			productReference = BB5ABE141C1FA60600944E20 /* JavaScriptCoreDemo.app */;
			productType = "com.apple.product-type.application";
		};
/* End PBXNativeTarget section */

/* Begin PBXProject section */
		BB5ABE0C1C1FA60600944E20 /* Project object */ = {
			isa = PBXProject;
			attributes = {
				LastSwiftUpdateCheck = 0720;
				LastUpgradeCheck = 0720;
				ORGANIZATIONNAME = VictorChee;
				TargetAttributes = {
					BB5ABE131C1FA60600944E20 = {
						CreatedOnToolsVersion = 7.2;
					};
				};
			};
			buildConfigurationList = BB5ABE0F1C1FA60600944E20 /* Build configuration list for PBXProject "JavaScriptCoreDemo" */;
			compatibilityVersion = "Xcode 3.2";
			developmentRegion = English;
			hasScannedForEncodings = 0;
			knownRegions = (
				en,
				Base,
			);
			mainGroup = BB5ABE0B1C1FA60600944E20;
			productRefGroup = BB5ABE151C1FA60600944E20 /* Products */;
			projectDirPath = "";
			projectRoot = "";
			targets = (
				BB5ABE131C1FA60600944E20 /* JavaScriptCoreDemo */,
			);
		};
/* End PBXProject section */

/* Begin PBXResourcesBuildPhase section */
		BB5ABE121C1FA60600944E20 /* Resources */ = {
			isa = PBXResourcesBuildPhase;
			buildActionMask = 2147483647;
			files = (
				BB5ABE221C1FA60600944E20 /* LaunchScreen.storyboard in Resources */,
				BB5ABE2F1C1FFE9300944E20 /* index.html in Resources */,
				BB5ABE1F1C1FA60600944E20 /* Assets.xcassets in Resources */,
				BB5ABE1D1C1FA60600944E20 /* Main.storyboard in Resources */,
			);
			runOnlyForDeploymentPostprocessing = 0;
		};
/* End PBXResourcesBuildPhase section */

/* Begin PBXSourcesBuildPhase section */
		BB5ABE101C1FA60600944E20 /* Sources */ = {
			isa = PBXSourcesBuildPhase;
			buildActionMask = 2147483647;
			files = (
				BB5ABE1A1C1FA60600944E20 /* ViewController.swift in Sources */,
				BB5ABE181C1FA60600944E20 /* AppDelegate.swift in Sources */,
			);
			runOnlyForDeploymentPostprocessing = 0;
		};
/* End PBXSourcesBuildPhase section */

/* Begin PBXVariantGroup section */
		BB5ABE1B1C1FA60600944E20 /* Main.storyboard */ = {
			isa = PBXVariantGroup;
			children = (
				BB5ABE1C1C1FA60600944E20 /* Base */,
			);
			name = Main.storyboard;
			sourceTree = "<group>";
		};
		BB5ABE201C1FA60600944E20 /* LaunchScreen.storyboard */ = {
			isa = PBXVariantGroup;
			children = (
				BB5ABE211C1FA60600944E20 /* Base */,
			);
			name = LaunchScreen.storyboard;
			sourceTree = "<group>";
		};
/* End PBXVariantGroup section */

/* Begin XCBuildConfiguration section */
		BB5ABE241C1FA60600944E20 /* Debug */ = {
			isa = XCBuildConfiguration;
			buildSettings = {
				ALWAYS_SEARCH_USER_PATHS = NO;
				CLANG_CXX_LANGUAGE_STANDARD = "gnu++0x";
				CLANG_CXX_LIBRARY = "libc++";
				CLANG_ENABLE_MODULES = YES;
				CLANG_ENABLE_OBJC_ARC = YES;
				CLANG_WARN_BOOL_CONVERSION = YES;
				CLANG_WARN_CONSTANT_CONVERSION = YES;
				CLANG_WARN_DIRECT_OBJC_ISA_USAGE = YES_ERROR;
				CLANG_WARN_EMPTY_BODY = YES;
				CLANG_WARN_ENUM_CONVERSION = YES;
				CLANG_WARN_INT_CONVERSION = YES;
				CLANG_WARN_OBJC_ROOT_CLASS = YES_ERROR;
				CLANG_WARN_UNREACHABLE_CODE = YES;
				CLANG_WARN__DUPLICATE_METHOD_MATCH = YES;
				"CODE_SIGN_IDENTITY[sdk=iphoneos*]" = "iPhone Developer";
				COPY_PHASE_STRIP = NO;
				DEBUG_INFORMATION_FORMAT = dwarf;
				ENABLE_STRICT_OBJC_MSGSEND = YES;
				ENABLE_TESTABILITY = YES;
				GCC_C_LANGUAGE_STANDARD = gnu99;
				GCC_DYNAMIC_NO_PIC = NO;
				GCC_NO_COMMON_BLOCKS = YES;
				GCC_OPTIMIZATION_LEVEL = 0;
				GCC_PREPROCESSOR_DEFINITIONS = (
					"DEBUG=1",
					"$(inherited)",
				);
				GCC_WARN_64_TO_32_BIT_CONVERSION = YES;
				GCC_WARN_ABOUT_RETURN_TYPE = YES_ERROR;
				GCC_WARN_UNDECLARED_SELECTOR = YES;
				GCC_WARN_UNINITIALIZED_AUTOS = YES_AGGRESSIVE;
				GCC_WARN_UNUSED_FUNCTION = YES;
				GCC_WARN_UNUSED_VARIABLE = YES;
				IPHONEOS_DEPLOYMENT_TARGET = 9.2;
				MTL_ENABLE_DEBUG_INFO = YES;
				ONLY_ACTIVE_ARCH = YES;
				SDKROOT = iphoneos;
				SWIFT_OPTIMIZATION_LEVEL = "-Onone";
				TARGETED_DEVICE_FAMILY = "1,2";
			};
			name = Debug;
		};
		BB5ABE251C1FA60600944E20 /* Release */ = {
			isa = XCBuildConfiguration;
			buildSettings = {
				ALWAYS_SEARCH_USER_PATHS = NO;
				CLANG_CXX_LANGUAGE_STANDARD = "gnu++0x";
				CLANG_CXX_LIBRARY = "libc++";
				CLANG_ENABLE_MODULES = YES;
				CLANG_ENABLE_OBJC_ARC = YES;
				CLANG_WARN_BOOL_CONVERSION = YES;
				CLANG_WARN_CONSTANT_CONVERSION = YES;
				CLANG_WARN_DIRECT_OBJC_ISA_USAGE = YES_ERROR;
				CLANG_WARN_EMPTY_BODY = YES;
				CLANG_WARN_ENUM_CONVERSION = YES;
				CLANG_WARN_INT_CONVERSION = YES;
				CLANG_WARN_OBJC_ROOT_CLASS = YES_ERROR;
				CLANG_WARN_UNREACHABLE_CODE = YES;
				CLANG_WARN__DUPLICATE_METHOD_MATCH = YES;
				"CODE_SIGN_IDENTITY[sdk=iphoneos*]" = "iPhone Developer";
				COPY_PHASE_STRIP = NO;
				DEBUG_INFORMATION_FORMAT = "dwarf-with-dsym";
				ENABLE_NS_ASSERTIONS = NO;
				ENABLE_STRICT_OBJC_MSGSEND = YES;
				GCC_C_LANGUAGE_STANDARD = gnu99;
				GCC_NO_COMMON_BLOCKS = YES;
				GCC_WARN_64_TO_32_BIT_CONVERSION = YES;
				GCC_WARN_ABOUT_RETURN_TYPE = YES_ERROR;
				GCC_WARN_UNDECLARED_SELECTOR = YES;
				GCC_WARN_UNINITIALIZED_AUTOS = YES_AGGRESSIVE;
				GCC_WARN_UNUSED_FUNCTION = YES;
				GCC_WARN_UNUSED_VARIABLE = YES;
				IPHONEOS_DEPLOYMENT_TARGET = 9.2;
				MTL_ENABLE_DEBUG_INFO = NO;
				SDKROOT = iphoneos;
				TARGETED_DEVICE_FAMILY = "1,2";
				VALIDATE_PRODUCT = YES;
			};
			name = Release;
		};
		BB5ABE271C1FA60600944E20 /* Debug */ = {
			isa = XCBuildConfiguration;
			buildSettings = {
				ASSETCATALOG_COMPILER_APPICON_NAME = AppIcon;
				INFOPLIST_FILE = JavaScriptCoreDemo/Info.plist;
				LD_RUNPATH_SEARCH_PATHS = "$(inherited) @executable_path/Frameworks";
				PRODUCT_BUNDLE_IDENTIFIER = com.victorchee.JavaScriptCoreDemo;
				PRODUCT_NAME = "$(TARGET_NAME)";
			};
			name = Debug;
		};
		BB5ABE281C1FA60600944E20 /* Release */ = {
			isa = XCBuildConfiguration;
			buildSettings = {
				ASSETCATALOG_COMPILER_APPICON_NAME = AppIcon;
				INFOPLIST_FILE = JavaScriptCoreDemo/Info.plist;
				LD_RUNPATH_SEARCH_PATHS = "$(inherited) @executable_path/Frameworks";
				PRODUCT_BUNDLE_IDENTIFIER = com.victorchee.JavaScriptCoreDemo;
				PRODUCT_NAME = "$(TARGET_NAME)";
			};
			name = Release;
		};
/* End XCBuildConfiguration section */

/* Begin XCConfigurationList section */
		BB5ABE0F1C1FA60600944E20 /* Build configuration list for PBXProject "JavaScriptCoreDemo" */ = {
			isa = XCConfigurationList;
			buildConfigurations = (
				BB5ABE241C1FA60600944E20 /* Debug */,
				BB5ABE251C1FA60600944E20 /* Release */,
			);
			defaultConfigurationIsVisible = 0;
			defaultConfigurationName = Release;
		};
		BB5ABE261C1FA60600944E20 /* Build configuration list for PBXNativeTarget "JavaScriptCoreDemo" */ = {
			isa = XCConfigurationList;
			buildConfigurations = (
				BB5ABE271C1FA60600944E20 /* Debug */,
				BB5ABE281C1FA60600944E20 /* Release */,
			);
			defaultConfigurationIsVisible = 0;
		};
/* End XCConfigurationList section */
	};
	rootObject = BB5ABE0C1C1FA60600944E20 /* Project object */;
}
